// !$*UTF8*$!
{
	archiveVersion = 1;
	classes = {
	};
	objectVersion = 55;
	objects = {

/* Begin PBXBuildFile section */
		34E820D12832B7BD00BEA148 /* AppDelegate.swift in Sources */ = {isa = PBXBuildFile; fileRef = 34E820D02832B7BD00BEA148 /* AppDelegate.swift */; };
		34E820D32832B7BD00BEA148 /* SceneDelegate.swift in Sources */ = {isa = PBXBuildFile; fileRef = 34E820D22832B7BD00BEA148 /* SceneDelegate.swift */; };
		34E820D52832B7BD00BEA148 /* ViewController.swift in Sources */ = {isa = PBXBuildFile; fileRef = 34E820D42832B7BD00BEA148 /* ViewController.swift */; };
		34E820D82832B7BD00BEA148 /* Main.storyboard in Resources */ = {isa = PBXBuildFile; fileRef = 34E820D62832B7BD00BEA148 /* Main.storyboard */; };
		34E820DA2832B7C300BEA148 /* Assets.xcassets in Resources */ = {isa = PBXBuildFile; fileRef = 34E820D92832B7C300BEA148 /* Assets.xcassets */; };
		34E820DD2832B7C300BEA148 /* LaunchScreen.storyboard in Resources */ = {isa = PBXBuildFile; fileRef = 34E820DB2832B7C300BEA148 /* LaunchScreen.storyboard */; };
		34E820E82832B7C400BEA148 /* Compare2Tests.swift in Sources */ = {isa = PBXBuildFile; fileRef = 34E820E72832B7C400BEA148 /* Compare2Tests.swift */; };
		34E820F22832B7C400BEA148 /* Compare2UITests.swift in Sources */ = {isa = PBXBuildFile; fileRef = 34E820F12832B7C400BEA148 /* Compare2UITests.swift */; };
		34E820FF2832CAFE00BEA148 /* LaptopInputViewController.swift in Sources */ = {isa = PBXBuildFile; fileRef = 34E820FE2832CAFE00BEA148 /* LaptopInputViewController.swift */; };
/* End PBXBuildFile section */

/* Begin PBXContainerItemProxy section */
		34E820E42832B7C400BEA148 /* PBXContainerItemProxy */ = {
			isa = PBXContainerItemProxy;
			containerPortal = 34E820C52832B7BD00BEA148 /* Project object */;
			proxyType = 1;
			remoteGlobalIDString = 34E820CC2832B7BD00BEA148;
			remoteInfo = Compare2;
		};
		34E820EE2832B7C400BEA148 /* PBXContainerItemProxy */ = {
			isa = PBXContainerItemProxy;
			containerPortal = 34E820C52832B7BD00BEA148 /* Project object */;
			proxyType = 1;
			remoteGlobalIDString = 34E820CC2832B7BD00BEA148;
			remoteInfo = Compare2;
		};
/* End PBXContainerItemProxy section */

/* Begin PBXFileReference section */
		34E820CD2832B7BD00BEA148 /* Compare2.app */ = {isa = PBXFileReference; explicitFileType = wrapper.application; includeInIndex = 0; path = Compare2.app; sourceTree = BUILT_PRODUCTS_DIR; };
		34E820D02832B7BD00BEA148 /* AppDelegate.swift */ = {isa = PBXFileReference; lastKnownFileType = sourcecode.swift; path = AppDelegate.swift; sourceTree = "<group>"; };
		34E820D22832B7BD00BEA148 /* SceneDelegate.swift */ = {isa = PBXFileReference; lastKnownFileType = sourcecode.swift; path = SceneDelegate.swift; sourceTree = "<group>"; };
		34E820D42832B7BD00BEA148 /* ViewController.swift */ = {isa = PBXFileReference; lastKnownFileType = sourcecode.swift; path = ViewController.swift; sourceTree = "<group>"; };
		34E820D72832B7BD00BEA148 /* Base */ = {isa = PBXFileReference; lastKnownFileType = file.storyboard; name = Base; path = Base.lproj/Main.storyboard; sourceTree = "<group>"; };
		34E820D92832B7C300BEA148 /* Assets.xcassets */ = {isa = PBXFileReference; lastKnownFileType = folder.assetcatalog; path = Assets.xcassets; sourceTree = "<group>"; };
		34E820DC2832B7C300BEA148 /* Base */ = {isa = PBXFileReference; lastKnownFileType = file.storyboard; name = Base; path = Base.lproj/LaunchScreen.storyboard; sourceTree = "<group>"; };
		34E820DE2832B7C300BEA148 /* Info.plist */ = {isa = PBXFileReference; lastKnownFileType = text.plist.xml; path = Info.plist; sourceTree = "<group>"; };
		34E820E32832B7C400BEA148 /* Compare2Tests.xctest */ = {isa = PBXFileReference; explicitFileType = wrapper.cfbundle; includeInIndex = 0; path = Compare2Tests.xctest; sourceTree = BUILT_PRODUCTS_DIR; };
		34E820E72832B7C400BEA148 /* Compare2Tests.swift */ = {isa = PBXFileReference; lastKnownFileType = sourcecode.swift; path = Compare2Tests.swift; sourceTree = "<group>"; };
		34E820ED2832B7C400BEA148 /* Compare2UITests.xctest */ = {isa = PBXFileReference; explicitFileType = wrapper.cfbundle; includeInIndex = 0; path = Compare2UITests.xctest; sourceTree = BUILT_PRODUCTS_DIR; };
		34E820F12832B7C400BEA148 /* Compare2UITests.swift */ = {isa = PBXFileReference; lastKnownFileType = sourcecode.swift; path = Compare2UITests.swift; sourceTree = "<group>"; };
		34E820FE2832CAFE00BEA148 /* LaptopInputViewController.swift */ = {isa = PBXFileReference; lastKnownFileType = sourcecode.swift; path = LaptopInputViewController.swift; sourceTree = "<group>"; };
/* End PBXFileReference section */

/* Begin PBXFrameworksBuildPhase section */
		34E820CA2832B7BD00BEA148 /* Frameworks */ = {
			isa = PBXFrameworksBuildPhase;
			buildActionMask = 2147483647;
			files = (
			);
			runOnlyForDeploymentPostprocessing = 0;
		};
		34E820E02832B7C400BEA148 /* Frameworks */ = {
			isa = PBXFrameworksBuildPhase;
			buildActionMask = 2147483647;
			files = (
			);
			runOnlyForDeploymentPostprocessing = 0;
		};
		34E820EA2832B7C400BEA148 /* Frameworks */ = {
			isa = PBXFrameworksBuildPhase;
			buildActionMask = 2147483647;
			files = (
			);
			runOnlyForDeploymentPostprocessing = 0;
		};
/* End PBXFrameworksBuildPhase section */

/* Begin PBXGroup section */
		34E820C42832B7BD00BEA148 = {
			isa = PBXGroup;
			children = (
				34E820CF2832B7BD00BEA148 /* Compare2 */,
				34E820E62832B7C400BEA148 /* Compare2Tests */,
				34E820F02832B7C400BEA148 /* Compare2UITests */,
				34E820CE2832B7BD00BEA148 /* Products */,
			);
			sourceTree = "<group>";
		};
		34E820CE2832B7BD00BEA148 /* Products */ = {
			isa = PBXGroup;
			children = (
				34E820CD2832B7BD00BEA148 /* Compare2.app */,
				34E820E32832B7C400BEA148 /* Compare2Tests.xctest */,
				34E820ED2832B7C400BEA148 /* Compare2UITests.xctest */,
			);
			name = Products;
			sourceTree = "<group>";
		};
		34E820CF2832B7BD00BEA148 /* Compare2 */ = {
			isa = PBXGroup;
			children = (
				34E820D02832B7BD00BEA148 /* AppDelegate.swift */,
				34E820D22832B7BD00BEA148 /* SceneDelegate.swift */,
				34E820FE2832CAFE00BEA148 /* LaptopInputViewController.swift */,
				34E820D42832B7BD00BEA148 /* ViewController.swift */,
				34E820D62832B7BD00BEA148 /* Main.storyboard */,
				34E820D92832B7C300BEA148 /* Assets.xcassets */,
				34E820DB2832B7C300BEA148 /* LaunchScreen.storyboard */,
				34E820DE2832B7C300BEA148 /* Info.plist */,
			);
			path = Compare2;
			sourceTree = "<group>";
		};
		34E820E62832B7C400BEA148 /* Compare2Tests */ = {
			isa = PBXGroup;
			children = (
				34E820E72832B7C400BEA148 /* Compare2Tests.swift */,
			);
			path = Compare2Tests;
			sourceTree = "<group>";
		};
		34E820F02832B7C400BEA148 /* Compare2UITests */ = {
			isa = PBXGroup;
			children = (
				34E820F12832B7C400BEA148 /* Compare2UITests.swift */,
			);
			path = Compare2UITests;
			sourceTree = "<group>";
		};
/* End PBXGroup section */

/* Begin PBXNativeTarget section */
		34E820CC2832B7BD00BEA148 /* Compare2 */ = {
			isa = PBXNativeTarget;
			buildConfigurationList = 34E820F52832B7C400BEA148 /* Build configuration list for PBXNativeTarget "Compare2" */;
			buildPhases = (
				34E820C92832B7BD00BEA148 /* Sources */,
				34E820CA2832B7BD00BEA148 /* Frameworks */,
				34E820CB2832B7BD00BEA148 /* Resources */,
			);
			buildRules = (
			);
			dependencies = (
			);
			name = Compare2;
			productName = Compare2;
			productReference = 34E820CD2832B7BD00BEA148 /* Compare2.app */;
			productType = "com.apple.product-type.application";
		};
		34E820E22832B7C400BEA148 /* Compare2Tests */ = {
			isa = PBXNativeTarget;
			buildConfigurationList = 34E820F82832B7C400BEA148 /* Build configuration list for PBXNativeTarget "Compare2Tests" */;
			buildPhases = (
				34E820DF2832B7C400BEA148 /* Sources */,
				34E820E02832B7C400BEA148 /* Frameworks */,
				34E820E12832B7C400BEA148 /* Resources */,
			);
			buildRules = (
			);
			dependencies = (
				34E820E52832B7C400BEA148 /* PBXTargetDependency */,
			);
			name = Compare2Tests;
			productName = Compare2Tests;
			productReference = 34E820E32832B7C400BEA148 /* Compare2Tests.xctest */;
			productType = "com.apple.product-type.bundle.unit-test";
		};
		34E820EC2832B7C400BEA148 /* Compare2UITests */ = {
			isa = PBXNativeTarget;
			buildConfigurationList = 34E820FB2832B7C400BEA148 /* Build configuration list for PBXNativeTarget "Compare2UITests" */;
			buildPhases = (
				34E820E92832B7C400BEA148 /* Sources */,
				34E820EA2832B7C400BEA148 /* Frameworks */,
				34E820EB2832B7C400BEA148 /* Resources */,
			);
			buildRules = (
			);
			dependencies = (
				34E820EF2832B7C400BEA148 /* PBXTargetDependency */,
			);
			name = Compare2UITests;
			productName = Compare2UITests;
			productReference = 34E820ED2832B7C400BEA148 /* Compare2UITests.xctest */;
			productType = "com.apple.product-type.bundle.ui-testing";
		};
/* End PBXNativeTarget section */

/* Begin PBXProject section */
		34E820C52832B7BD00BEA148 /* Project object */ = {
			isa = PBXProject;
			attributes = {
				BuildIndependentTargetsInParallel = 1;
				LastSwiftUpdateCheck = 1300;
				LastUpgradeCheck = 1300;
				TargetAttributes = {
					34E820CC2832B7BD00BEA148 = {
						CreatedOnToolsVersion = 13.0;
					};
					34E820E22832B7C400BEA148 = {
						CreatedOnToolsVersion = 13.0;
						TestTargetID = 34E820CC2832B7BD00BEA148;
					};
					34E820EC2832B7C400BEA148 = {
						CreatedOnToolsVersion = 13.0;
						TestTargetID = 34E820CC2832B7BD00BEA148;
					};
				};
			};
			buildConfigurationList = 34E820C82832B7BD00BEA148 /* Build configuration list for PBXProject "Compare2" */;
			compatibilityVersion = "Xcode 13.0";
			developmentRegion = en;
			hasScannedForEncodings = 0;
			knownRegions = (
				en,
				Base,
			);
			mainGroup = 34E820C42832B7BD00BEA148;
			productRefGroup = 34E820CE2832B7BD00BEA148 /* Products */;
			projectDirPath = "";
			projectRoot = "";
			targets = (
				34E820CC2832B7BD00BEA148 /* Compare2 */,
				34E820E22832B7C400BEA148 /* Compare2Tests */,
				34E820EC2832B7C400BEA148 /* Compare2UITests */,
			);
		};
/* End PBXProject section */

/* Begin PBXResourcesBuildPhase section */
		34E820CB2832B7BD00BEA148 /* Resources */ = {
			isa = PBXResourcesBuildPhase;
			buildActionMask = 2147483647;
			files = (
				34E820DD2832B7C300BEA148 /* LaunchScreen.storyboard in Resources */,
				34E820DA2832B7C300BEA148 /* Assets.xcassets in Resources */,
				34E820D82832B7BD00BEA148 /* Main.storyboard in Resources */,
			);
			runOnlyForDeploymentPostprocessing = 0;
		};
		34E820E12832B7C400BEA148 /* Resources */ = {
			isa = PBXResourcesBuildPhase;
			buildActionMask = 2147483647;
			files = (
			);
			runOnlyForDeploymentPostprocessing = 0;
		};
		34E820EB2832B7C400BEA148 /* Resources */ = {
			isa = PBXResourcesBuildPhase;
			buildActionMask = 2147483647;
			files = (
			);
			runOnlyForDeploymentPostprocessing = 0;
		};
/* End PBXResourcesBuildPhase section */

/* Begin PBXSourcesBuildPhase section */
		34E820C92832B7BD00BEA148 /* Sources */ = {
			isa = PBXSourcesBuildPhase;
			buildActionMask = 2147483647;
			files = (
				34E820D52832B7BD00BEA148 /* ViewController.swift in Sources */,
				34E820FF2832CAFE00BEA148 /* LaptopInputViewController.swift in Sources */,
				34E820D12832B7BD00BEA148 /* AppDelegate.swift in Sources */,
				34E820D32832B7BD00BEA148 /* SceneDelegate.swift in Sources */,
			);
			runOnlyForDeploymentPostprocessing = 0;
		};
		34E820DF2832B7C400BEA148 /* Sources */ = {
			isa = PBXSourcesBuildPhase;
			buildActionMask = 2147483647;
			files = (
				34E820E82832B7C400BEA148 /* Compare2Tests.swift in Sources */,
			);
			runOnlyForDeploymentPostprocessing = 0;
		};
		34E820E92832B7C400BEA148 /* Sources */ = {
			isa = PBXSourcesBuildPhase;
			buildActionMask = 2147483647;
			files = (
				34E820F22832B7C400BEA148 /* Compare2UITests.swift in Sources */,
			);
			runOnlyForDeploymentPostprocessing = 0;
		};
/* End PBXSourcesBuildPhase section */

/* Begin PBXTargetDependency section */
		34E820E52832B7C400BEA148 /* PBXTargetDependency */ = {
			isa = PBXTargetDependency;
			target = 34E820CC2832B7BD00BEA148 /* Compare2 */;
			targetProxy = 34E820E42832B7C400BEA148 /* PBXContainerItemProxy */;
		};
		34E820EF2832B7C400BEA148 /* PBXTargetDependency */ = {
			isa = PBXTargetDependency;
			target = 34E820CC2832B7BD00BEA148 /* Compare2 */;
			targetProxy = 34E820EE2832B7C400BEA148 /* PBXContainerItemProxy */;
		};
/* End PBXTargetDependency section */

/* Begin PBXVariantGroup section */
		34E820D62832B7BD00BEA148 /* Main.storyboard */ = {
			isa = PBXVariantGroup;
			children = (
				34E820D72832B7BD00BEA148 /* Base */,
			);
			name = Main.storyboard;
			sourceTree = "<group>";
		};
		34E820DB2832B7C300BEA148 /* LaunchScreen.storyboard */ = {
			isa = PBXVariantGroup;
			children = (
				34E820DC2832B7C300BEA148 /* Base */,
			);
			name = LaunchScreen.storyboard;
			sourceTree = "<group>";
		};
/* End PBXVariantGroup section */

/* Begin XCBuildConfiguration section */
		34E820F32832B7C400BEA148 /* Debug */ = {
			isa = XCBuildConfiguration;
			buildSettings = {
				ALWAYS_SEARCH_USER_PATHS = NO;
				CLANG_ANALYZER_NONNULL = YES;
				CLANG_ANALYZER_NUMBER_OBJECT_CONVERSION = YES_AGGRESSIVE;
				CLANG_CXX_LANGUAGE_STANDARD = "gnu++17";
				CLANG_CXX_LIBRARY = "libc++";
				CLANG_ENABLE_MODULES = YES;
				CLANG_ENABLE_OBJC_ARC = YES;
				CLANG_ENABLE_OBJC_WEAK = YES;
				CLANG_WARN_BLOCK_CAPTURE_AUTORELEASING = YES;
				CLANG_WARN_BOOL_CONVERSION = YES;
				CLANG_WARN_COMMA = YES;
				CLANG_WARN_CONSTANT_CONVERSION = YES;
				CLANG_WARN_DEPRECATED_OBJC_IMPLEMENTATIONS = YES;
				CLANG_WARN_DIRECT_OBJC_ISA_USAGE = YES_ERROR;
				CLANG_WARN_DOCUMENTATION_COMMENTS = YES;
				CLANG_WARN_EMPTY_BODY = YES;
				CLANG_WARN_ENUM_CONVERSION = YES;
				CLANG_WARN_INFINITE_RECURSION = YES;
				CLANG_WARN_INT_CONVERSION = YES;
				CLANG_WARN_NON_LITERAL_NULL_CONVERSION = YES;
				CLANG_WARN_OBJC_IMPLICIT_RETAIN_SELF = YES;
				CLANG_WARN_OBJC_LITERAL_CONVERSION = YES;
				CLANG_WARN_OBJC_ROOT_CLASS = YES_ERROR;
				CLANG_WARN_QUOTED_INCLUDE_IN_FRAMEWORK_HEADER = YES;
				CLANG_WARN_RANGE_LOOP_ANALYSIS = YES;
				CLANG_WARN_STRICT_PROTOTYPES = YES;
				CLANG_WARN_SUSPICIOUS_MOVE = YES;
				CLANG_WARN_UNGUARDED_AVAILABILITY = YES_AGGRESSIVE;
				CLANG_WARN_UNREACHABLE_CODE = YES;
				CLANG_WARN__DUPLICATE_METHOD_MATCH = YES;
				COPY_PHASE_STRIP = NO;
				DEBUG_INFORMATION_FORMAT = dwarf;
				ENABLE_STRICT_OBJC_MSGSEND = YES;
				ENABLE_TESTABILITY = YES;
				GCC_C_LANGUAGE_STANDARD = gnu11;
				GCC_DYNAMIC_NO_PIC = NO;
				GCC_NO_COMMON_BLOCKS = YES;
				GCC_OPTIMIZATION_LEVEL = 0;
				GCC_PREPROCESSOR_DEFINITIONS = (
					"DEBUG=1",
					"$(inherited)",
				);
				GCC_WARN_64_TO_32_BIT_CONVERSION = YES;
				GCC_WARN_ABOUT_RETURN_TYPE = YES_ERROR;
				GCC_WARN_UNDECLARED_SELECTOR = YES;
				GCC_WARN_UNINITIALIZED_AUTOS = YES_AGGRESSIVE;
				GCC_WARN_UNUSED_FUNCTION = YES;
				GCC_WARN_UNUSED_VARIABLE = YES;
				IPHONEOS_DEPLOYMENT_TARGET = 15.0;
				MTL_ENABLE_DEBUG_INFO = INCLUDE_SOURCE;
				MTL_FAST_MATH = YES;
				ONLY_ACTIVE_ARCH = YES;
				SDKROOT = iphoneos;
				SWIFT_ACTIVE_COMPILATION_CONDITIONS = DEBUG;
				SWIFT_OPTIMIZATION_LEVEL = "-Onone";
			};
			name = Debug;
		};
		34E820F42832B7C400BEA148 /* Release */ = {
			isa = XCBuildConfiguration;
			buildSettings = {
				ALWAYS_SEARCH_USER_PATHS = NO;
				CLANG_ANALYZER_NONNULL = YES;
				CLANG_ANALYZER_NUMBER_OBJECT_CONVERSION = YES_AGGRESSIVE;
				CLANG_CXX_LANGUAGE_STANDARD = "gnu++17";
				CLANG_CXX_LIBRARY = "libc++";
				CLANG_ENABLE_MODULES = YES;
				CLANG_ENABLE_OBJC_ARC = YES;
				CLANG_ENABLE_OBJC_WEAK = YES;
				CLANG_WARN_BLOCK_CAPTURE_AUTORELEASING = YES;
				CLANG_WARN_BOOL_CONVERSION = YES;
				CLANG_WARN_COMMA = YES;
				CLANG_WARN_CONSTANT_CONVERSION = YES;
				CLANG_WARN_DEPRECATED_OBJC_IMPLEMENTATIONS = YES;
				CLANG_WARN_DIRECT_OBJC_ISA_USAGE = YES_ERROR;
				CLANG_WARN_DOCUMENTATION_COMMENTS = YES;
				CLANG_WARN_EMPTY_BODY = YES;
				CLANG_WARN_ENUM_CONVERSION = YES;
				CLANG_WARN_INFINITE_RECURSION = YES;
				CLANG_WARN_INT_CONVERSION = YES;
				CLANG_WARN_NON_LITERAL_NULL_CONVERSION = YES;
				CLANG_WARN_OBJC_IMPLICIT_RETAIN_SELF = YES;
				CLANG_WARN_OBJC_LITERAL_CONVERSION = YES;
				CLANG_WARN_OBJC_ROOT_CLASS = YES_ERROR;
				CLANG_WARN_QUOTED_INCLUDE_IN_FRAMEWORK_HEADER = YES;
				CLANG_WARN_RANGE_LOOP_ANALYSIS = YES;
				CLANG_WARN_STRICT_PROTOTYPES = YES;
				CLANG_WARN_SUSPICIOUS_MOVE = YES;
				CLANG_WARN_UNGUARDED_AVAILABILITY = YES_AGGRESSIVE;
				CLANG_WARN_UNREACHABLE_CODE = YES;
				CLANG_WARN__DUPLICATE_METHOD_MATCH = YES;
				COPY_PHASE_STRIP = NO;
				DEBUG_INFORMATION_FORMAT = "dwarf-with-dsym";
				ENABLE_NS_ASSERTIONS = NO;
				ENABLE_STRICT_OBJC_MSGSEND = YES;
				GCC_C_LANGUAGE_STANDARD = gnu11;
				GCC_NO_COMMON_BLOCKS = YES;
				GCC_WARN_64_TO_32_BIT_CONVERSION = YES;
				GCC_WARN_ABOUT_RETURN_TYPE = YES_ERROR;
				GCC_WARN_UNDECLARED_SELECTOR = YES;
				GCC_WARN_UNINITIALIZED_AUTOS = YES_AGGRESSIVE;
				GCC_WARN_UNUSED_FUNCTION = YES;
				GCC_WARN_UNUSED_VARIABLE = YES;
				IPHONEOS_DEPLOYMENT_TARGET = 15.0;
				MTL_ENABLE_DEBUG_INFO = NO;
				MTL_FAST_MATH = YES;
				SDKROOT = iphoneos;
				SWIFT_COMPILATION_MODE = wholemodule;
				SWIFT_OPTIMIZATION_LEVEL = "-O";
				VALIDATE_PRODUCT = YES;
			};
			name = Release;
		};
		34E820F62832B7C400BEA148 /* Debug */ = {
			isa = XCBuildConfiguration;
			buildSettings = {
				ASSETCATALOG_COMPILER_APPICON_NAME = AppIcon;
				ASSETCATALOG_COMPILER_GLOBAL_ACCENT_COLOR_NAME = AccentColor;
				CODE_SIGN_STYLE = Automatic;
				CURRENT_PROJECT_VERSION = 1;
				GENERATE_INFOPLIST_FILE = YES;
				INFOPLIST_FILE = Compare2/Info.plist;
				INFOPLIST_KEY_UIApplicationSupportsIndirectInputEvents = YES;
				INFOPLIST_KEY_UILaunchStoryboardName = LaunchScreen;
				INFOPLIST_KEY_UIMainStoryboardFile = Main;
				INFOPLIST_KEY_UISupportedInterfaceOrientations = UIInterfaceOrientationPortrait;
				INFOPLIST_KEY_UISupportedInterfaceOrientations_iPad = "UIInterfaceOrientationPortrait UIInterfaceOrientationPortraitUpsideDown UIInterfaceOrientationLandscapeLeft UIInterfaceOrientationLandscapeRight";
				INFOPLIST_KEY_UISupportedInterfaceOrientations_iPhone = "UIInterfaceOrientationPortrait UIInterfaceOrientationLandscapeLeft UIInterfaceOrientationLandscapeRight";
				LD_RUNPATH_SEARCH_PATHS = (
					"$(inherited)",
					"@executable_path/Frameworks",
				);
				MARKETING_VERSION = 1.0;
				PRODUCT_BUNDLE_IDENTIFIER = com.personal.Compare2;
				PRODUCT_NAME = "$(TARGET_NAME)";
				SWIFT_EMIT_LOC_STRINGS = YES;
				SWIFT_VERSION = 5.0;
				TARGETED_DEVICE_FAMILY = "1,2";
			};
			name = Debug;
		};
		34E820F72832B7C400BEA148 /* Release */ = {
			isa = XCBuildConfiguration;
			buildSettings = {
				ASSETCATALOG_COMPILER_APPICON_NAME = AppIcon;
				ASSETCATALOG_COMPILER_GLOBAL_ACCENT_COLOR_NAME = AccentColor;
				CODE_SIGN_STYLE = Automatic;
				CURRENT_PROJECT_VERSION = 1;
				GENERATE_INFOPLIST_FILE = YES;
				INFOPLIST_FILE = Compare2/Info.plist;
				INFOPLIST_KEY_UIApplicationSupportsIndirectInputEvents = YES;
				INFOPLIST_KEY_UILaunchStoryboardName = LaunchScreen;
				INFOPLIST_KEY_UIMainStoryboardFile = Main;
				INFOPLIST_KEY_UISupportedInterfaceOrientations = UIInterfaceOrientationPortrait;
				INFOPLIST_KEY_UISupportedInterfaceOrientations_iPad = "UIInterfaceOrientationPortrait UIInterfaceOrientationPortraitUpsideDown UIInterfaceOrientationLandscapeLeft UIInterfaceOrientationLandscapeRight";
				INFOPLIST_KEY_UISupportedInterfaceOrientations_iPhone = "UIInterfaceOrientationPortrait UIInterfaceOrientationLandscapeLeft UIInterfaceOrientationLandscapeRight";
				LD_RUNPATH_SEARCH_PATHS = (
					"$(inherited)",
					"@executable_path/Frameworks",
				);
				MARKETING_VERSION = 1.0;
				PRODUCT_BUNDLE_IDENTIFIER = com.personal.Compare2;
				PRODUCT_NAME = "$(TARGET_NAME)";
				SWIFT_EMIT_LOC_STRINGS = YES;
				SWIFT_VERSION = 5.0;
				TARGETED_DEVICE_FAMILY = "1,2";
			};
			name = Release;
		};
		34E820F92832B7C400BEA148 /* Debug */ = {
			isa = XCBuildConfiguration;
			buildSettings = {
				ALWAYS_EMBED_SWIFT_STANDARD_LIBRARIES = YES;
				BUNDLE_LOADER = "$(TEST_HOST)";
				CODE_SIGN_STYLE = Automatic;
				CURRENT_PROJECT_VERSION = 1;
				GENERATE_INFOPLIST_FILE = YES;
				IPHONEOS_DEPLOYMENT_TARGET = 15.0;
				LD_RUNPATH_SEARCH_PATHS = (
					"$(inherited)",
					"@executable_path/Frameworks",
					"@loader_path/Frameworks",
				);
				MARKETING_VERSION = 1.0;
				PRODUCT_BUNDLE_IDENTIFIER = com.personal.Compare2Tests;
				PRODUCT_NAME = "$(TARGET_NAME)";
				SWIFT_EMIT_LOC_STRINGS = NO;
				SWIFT_VERSION = 5.0;
				TARGETED_DEVICE_FAMILY = "1,2";
				TEST_HOST = "$(BUILT_PRODUCTS_DIR)/Compare2.app/Compare2";
			};
			name = Debug;
		};
		34E820FA2832B7C400BEA148 /* Release */ = {
			isa = XCBuildConfiguration;
			buildSettings = {
				ALWAYS_EMBED_SWIFT_STANDARD_LIBRARIES = YES;
				BUNDLE_LOADER = "$(TEST_HOST)";
				CODE_SIGN_STYLE = Automatic;
				CURRENT_PROJECT_VERSION = 1;
				GENERATE_INFOPLIST_FILE = YES;
				IPHONEOS_DEPLOYMENT_TARGET = 15.0;
				LD_RUNPATH_SEARCH_PATHS = (
					"$(inherited)",
					"@executable_path/Frameworks",
					"@loader_path/Frameworks",
				);
				MARKETING_VERSION = 1.0;
				PRODUCT_BUNDLE_IDENTIFIER = com.personal.Compare2Tests;
				PRODUCT_NAME = "$(TARGET_NAME)";
				SWIFT_EMIT_LOC_STRINGS = NO;
				SWIFT_VERSION = 5.0;
				TARGETED_DEVICE_FAMILY = "1,2";
				TEST_HOST = "$(BUILT_PRODUCTS_DIR)/Compare2.app/Compare2";
			};
			name = Release;
		};
		34E820FC2832B7C400BEA148 /* Debug */ = {
			isa = XCBuildConfiguration;
			buildSettings = {
				ALWAYS_EMBED_SWIFT_STANDARD_LIBRARIES = YES;
				CODE_SIGN_STYLE = Automatic;
				CURRENT_PROJECT_VERSION = 1;
				GENERATE_INFOPLIST_FILE = YES;
				LD_RUNPATH_SEARCH_PATHS = (
					"$(inherited)",
					"@executable_path/Frameworks",
					"@loader_path/Frameworks",
				);
				MARKETING_VERSION = 1.0;
				PRODUCT_BUNDLE_IDENTIFIER = com.personal.Compare2UITests;
				PRODUCT_NAME = "$(TARGET_NAME)";
				SWIFT_EMIT_LOC_STRINGS = NO;
				SWIFT_VERSION = 5.0;
				TARGETED_DEVICE_FAMILY = "1,2";
				TEST_TARGET_NAME = Compare2;
			};
			name = Debug;
		};
		34E820FD2832B7C400BEA148 /* Release */ = {
			isa = XCBuildConfiguration;
			buildSettings = {
				ALWAYS_EMBED_SWIFT_STANDARD_LIBRARIES = YES;
				CODE_SIGN_STYLE = Automatic;
				CURRENT_PROJECT_VERSION = 1;
				GENERATE_INFOPLIST_FILE = YES;
				LD_RUNPATH_SEARCH_PATHS = (
					"$(inherited)",
					"@executable_path/Frameworks",
					"@loader_path/Frameworks",
				);
				MARKETING_VERSION = 1.0;
				PRODUCT_BUNDLE_IDENTIFIER = com.personal.Compare2UITests;
				PRODUCT_NAME = "$(TARGET_NAME)";
				SWIFT_EMIT_LOC_STRINGS = NO;
				SWIFT_VERSION = 5.0;
				TARGETED_DEVICE_FAMILY = "1,2";
				TEST_TARGET_NAME = Compare2;
			};
			name = Release;
		};
/* End XCBuildConfiguration section */

/* Begin XCConfigurationList section */
		34E820C82832B7BD00BEA148 /* Build configuration list for PBXProject "Compare2" */ = {
			isa = XCConfigurationList;
			buildConfigurations = (
				34E820F32832B7C400BEA148 /* Debug */,
				34E820F42832B7C400BEA148 /* Release */,
			);
			defaultConfigurationIsVisible = 0;
			defaultConfigurationName = Release;
		};
		34E820F52832B7C400BEA148 /* Build configuration list for PBXNativeTarget "Compare2" */ = {
			isa = XCConfigurationList;
			buildConfigurations = (
				34E820F62832B7C400BEA148 /* Debug */,
				34E820F72832B7C400BEA148 /* Release */,
			);
			defaultConfigurationIsVisible = 0;
			defaultConfigurationName = Release;
		};
		34E820F82832B7C400BEA148 /* Build configuration list for PBXNativeTarget "Compare2Tests" */ = {
			isa = XCConfigurationList;
			buildConfigurations = (
				34E820F92832B7C400BEA148 /* Debug */,
				34E820FA2832B7C400BEA148 /* Release */,
			);
			defaultConfigurationIsVisible = 0;
			defaultConfigurationName = Release;
		};
		34E820FB2832B7C400BEA148 /* Build configuration list for PBXNativeTarget "Compare2UITests" */ = {
			isa = XCConfigurationList;
			buildConfigurations = (
				34E820FC2832B7C400BEA148 /* Debug */,
				34E820FD2832B7C400BEA148 /* Release */,
			);
			defaultConfigurationIsVisible = 0;
			defaultConfigurationName = Release;
		};
/* End XCConfigurationList section */
	};
	rootObject = 34E820C52832B7BD00BEA148 /* Project object */;
}
